<?xml version="1.0" encoding="utf-8"?>
<Project ToolsVersion="4.0" xmlns="http://schemas.microsoft.com/developer/msbuild/2003">
  <ItemGroup>
    <ClCompile Include="src\CSEngine.cpp" />
    <ClCompile Include="src\CSObject.cpp" />
    <ClCompile Include="src\CSRender.cpp" />
    <ClCompile Include="src\CSRenderInterface.cpp" />
    <ClCompile Include="src\main.cpp" />
    <ClCompile Include="src\CSCamera.cpp" />
    <ClCompile Include="src\CSEvent.cpp" />
  </ItemGroup>
  <ItemGroup>
    <ClInclude Include="resource.h" />
    <ClInclude Include="src\CSCamera.h" />
    <ClInclude Include="src\CSEngine.h" />
    <ClInclude Include="src\CSHandle.h" />
    <ClInclude Include="src\CSHandleManager.h" />
    <ClInclude Include="src\CSMacro.h" />
    <ClInclude Include="src\CSManagerExample.h" />
    <ClInclude Include="src\CSMaterial.h" />
    <ClInclude Include="src\CSMath.h" />
    <ClInclude Include="src\CSMesh.h" />
    <ClInclude Include="src\CSObject.h" />
    <ClInclude Include="src\CSRender.h" />
    <ClInclude Include="src\CSRenderInterface.h" />
    <ClInclude Include="src\CSSound.h" />
    <ClInclude Include="src\CSTexture.h" />
    <ClInclude Include="src\CSType.h" />
    <ClInclude Include="src\CSPlayer.h" />
    <ClInclude Include="src\CSWeapon.h" />
    <ClInclude Include="src\main.h" />
    <ClInclude Include="CSParticle.h">
      <Filter>physicalengine</Filter>
    </ClInclude>
    <ClInclude Include="CSVector.h">
      <Filter>physicalengine</Filter>
    </ClInclude>
    <ClInclude Include="src\CSEvent.h" />
    <ClInclude Include="src\CSFont.h" />
  </ItemGroup>
  <ItemGroup>
    <ResourceCompile Include="CSGame.rc" />
  </ItemGroup>
  <ItemGroup>
    <None Include="ClassDiagram.cd" />
  </ItemGroup>
  <ItemGroup>
    <Filter Include="physicalengine">
      <UniqueIdentifier>{8e926818-d9ef-4faf-a3a5-e81b2bec48eb}</UniqueIdentifier>
    </Filter>
  </ItemGroup>
</Project>